
Microsoft Visual Studio Solution File, Format Version 12.00
# Visual Studio 2015
Project("{FAE04EC0-301F-11D3-BF4B-00C04F79EFBC}") = "訂便當.CSharp", "訂便當.CSharp.csproj", "{F36FAE0A-D035-FB55-FD05-B03D9FBAA149}"
EndProject
Project("{FAE04EC0-301F-11D3-BF4B-00C04F79EFBC}") = "訂便當.CSharp.Editor", "訂便當.CSharp.Editor.csproj", "{BB6F878A-278E-C30D-FD19-DA7E4EDEAB1C}"
EndProject
Global
	GlobalSection(SolutionConfigurationPlatforms) = preSolution
		Debug|Any CPU = Debug|Any CPU
		Release|Any CPU = Release|Any CPU
	EndGlobalSection
	GlobalSection(ProjectConfigurationPlatforms) = postSolution
		{F36FAE0A-D035-FB55-FD05-B03D9FBAA149}.Debug|Any CPU.ActiveCfg = Debug|Any CPU
		{F36FAE0A-D035-FB55-FD05-B03D9FBAA149}.Debug|Any CPU.Build.0 = Debug|Any CPU
		{F36FAE0A-D035-FB55-FD05-B03D9FBAA149}.Release|Any CPU.ActiveCfg = Release|Any CPU
		{F36FAE0A-D035-FB55-FD05-B03D9FBAA149}.Release|Any CPU.Build.0 = Release|Any CPU
		{BB6F878A-278E-C30D-FD19-DA7E4EDEAB1C}.Debug|Any CPU.ActiveCfg = Debug|Any CPU
		{BB6F878A-278E-C30D-FD19-DA7E4EDEAB1C}.Debug|Any CPU.Build.0 = Debug|Any CPU
		{BB6F878A-278E-C30D-FD19-DA7E4EDEAB1C}.Release|Any CPU.ActiveCfg = Release|Any CPU
		{BB6F878A-278E-C30D-FD19-DA7E4EDEAB1C}.Release|Any CPU.Build.0 = Release|Any CPU
	EndGlobalSection
	GlobalSection(SolutionProperties) = preSolution
		HideSolutionNode = FALSE
	EndGlobalSection
EndGlobal
